# This file is automatically @generated by Poetry 1.5.1 and should not be changed by hand.

[[package]]
name = "pillow"
version = "9.5.0"
description = "Python Imaging Library (Fork)"
optional = false
python-versions = ">=3.7"
files = [
    {file = "Pillow-9.5.0-cp310-cp310-macosx_10_10_x86_64.whl", hash = "sha256:ace6ca218308447b9077c14ea4ef381ba0b67ee78d64046b3f19cf4e1139ad16"},
    {file = "Pillow-9.5.0-cp310-cp310-macosx_11_0_arm64.whl", hash = "sha256:d3d403753c9d5adc04d4694d35cf0391f0f3d57c8e0030aac09d7678fa8030aa"},
    {file = "Pillow-9.5.0-cp310-cp310-manylinux_2_17_aarch64.manylinux2014_aarch64.whl", hash = "sha256:5ba1b81ee69573fe7124881762bb4cd2e4b6ed9dd28c9c60a632902fe8db8b38"},
    {file = "Pillow-9.5.0-cp310-cp310-manylinux_2_17_i686.manylinux2014_i686.whl", hash = "sha256:fe7e1c262d3392afcf5071df9afa574544f28eac825284596ac6db56e6d11062"},
    {file = "Pillow-9.5.0-cp310-cp310-manylinux_2_17_x86_64.manylinux2014_x86_64.whl", hash = "sha256:8f36397bf3f7d7c6a3abdea815ecf6fd14e7fcd4418ab24bae01008d8d8ca15e"},
    {file = "Pillow-9.5.0-cp310-cp310-manylinux_2_28_aarch64.whl", hash = "sha256:252a03f1bdddce077eff2354c3861bf437c892fb1832f75ce813ee94347aa9b5"},
    {file = "Pillow-9.5.0-cp310-cp310-manylinux_2_28_x86_64.whl", hash = "sha256:85ec677246533e27770b0de5cf0f9d6e4ec0c212a1f89dfc941b64b21226009d"},
    {file = "Pillow-9.5.0-cp310-cp310-musllinux_1_1_aarch64.whl", hash = "sha256:b416f03d37d27290cb93597335a2f85ed446731200705b22bb927405320de903"},
    {file = "Pillow-9.5.0-cp310-cp310-musllinux_1_1_x86_64.whl", hash = "sha256:1781a624c229cb35a2ac31cc4a77e28cafc8900733a864870c49bfeedacd106a"},
    {file = "Pillow-9.5.0-cp310-cp310-win32.whl", hash = "sha256:8507eda3cd0608a1f94f58c64817e83ec12fa93a9436938b191b80d9e4c0fc44"},
    {file = "Pillow-9.5.0-cp310-cp310-win_amd64.whl", hash = "sha256:d3c6b54e304c60c4181da1c9dadf83e4a54fd266a99c70ba646a9baa626819eb"},
    {file = "Pillow-9.5.0-cp311-cp311-macosx_10_10_x86_64.whl", hash = "sha256:7ec6f6ce99dab90b52da21cf0dc519e21095e332ff3b399a357c187b1a5eee32"},
    {file = "Pillow-9.5.0-cp311-cp311-macosx_11_0_arm64.whl", hash = "sha256:560737e70cb9c6255d6dcba3de6578a9e2ec4b573659943a5e7e4af13f298f5c"},
    {file = "Pillow-9.5.0-cp311-cp311-manylinux_2_17_aarch64.manylinux2014_aarch64.whl", hash = "sha256:96e88745a55b88a7c64fa49bceff363a1a27d9a64e04019c2281049444a571e3"},
    {file = "Pillow-9.5.0-cp311-cp311-manylinux_2_17_i686.manylinux2014_i686.whl", hash = "sha256:d9c206c29b46cfd343ea7cdfe1232443072bbb270d6a46f59c259460db76779a"},
    {file = "Pillow-9.5.0-cp311-cp311-manylinux_2_17_x86_64.manylinux2014_x86_64.whl", hash = "sha256:cfcc2c53c06f2ccb8976fb5c71d448bdd0a07d26d8e07e321c103416444c7ad1"},
    {file = "Pillow-9.5.0-cp311-cp311-manylinux_2_28_aarch64.whl", hash = "sha256:a0f9bb6c80e6efcde93ffc51256d5cfb2155ff8f78292f074f60f9e70b942d99"},
    {file = "Pillow-9.5.0-cp311-cp311-manylinux_2_28_x86_64.whl", hash = "sha256:8d935f924bbab8f0a9a28404422da8af4904e36d5c33fc6f677e4c4485515625"},
    {file = "Pillow-9.5.0-cp311-cp311-musllinux_1_1_aarch64.whl", hash = "sha256:fed1e1cf6a42577953abbe8e6cf2fe2f566daebde7c34724ec8803c4c0cda579"},
    {file = "Pillow-9.5.0-cp311-cp311-musllinux_1_1_x86_64.whl", hash = "sha256:c1170d6b195555644f0616fd6ed929dfcf6333b8675fcca044ae5ab110ded296"},
    {file = "Pillow-9.5.0-cp311-cp311-win32.whl", hash = "sha256:54f7102ad31a3de5666827526e248c3530b3a33539dbda27c6843d19d72644ec"},
    {file = "Pillow-9.5.0-cp311-cp311-win_amd64.whl", hash = "sha256:cfa4561277f677ecf651e2b22dc43e8f5368b74a25a8f7d1d4a3a243e573f2d4"},
    {file = "Pillow-9.5.0-cp311-cp311-win_arm64.whl", hash = "sha256:965e4a05ef364e7b973dd17fc765f42233415974d773e82144c9bbaaaea5d089"},
    {file = "Pillow-9.5.0-cp312-cp312-win32.whl", hash = "sha256:22baf0c3cf0c7f26e82d6e1adf118027afb325e703922c8dfc1d5d0156bb2eeb"},
    {file = "Pillow-9.5.0-cp312-cp312-win_amd64.whl", hash = "sha256:432b975c009cf649420615388561c0ce7cc31ce9b2e374db659ee4f7d57a1f8b"},
    {file = "Pillow-9.5.0-cp37-cp37m-macosx_10_10_x86_64.whl", hash = "sha256:5d4ebf8e1db4441a55c509c4baa7a0587a0210f7cd25fcfe74dbbce7a4bd1906"},
    {file = "Pillow-9.5.0-cp37-cp37m-manylinux_2_17_aarch64.manylinux2014_aarch64.whl", hash = "sha256:375f6e5ee9620a271acb6820b3d1e94ffa8e741c0601db4c0c4d3cb0a9c224bf"},
    {file = "Pillow-9.5.0-cp37-cp37m-manylinux_2_17_i686.manylinux2014_i686.whl", hash = "sha256:99eb6cafb6ba90e436684e08dad8be1637efb71c4f2180ee6b8f940739406e78"},
    {file = "Pillow-9.5.0-cp37-cp37m-manylinux_2_17_x86_64.manylinux2014_x86_64.whl", hash = "sha256:2dfaaf10b6172697b9bceb9a3bd7b951819d1ca339a5ef294d1f1ac6d7f63270"},
    {file = "Pillow-9.5.0-cp37-cp37m-manylinux_2_28_aarch64.whl", hash = "sha256:763782b2e03e45e2c77d7779875f4432e25121ef002a41829d8868700d119392"},
    {file = "Pillow-9.5.0-cp37-cp37m-manylinux_2_28_x86_64.whl", hash = "sha256:35f6e77122a0c0762268216315bf239cf52b88865bba522999dc38f1c52b9b47"},
    {file = "Pillow-9.5.0-cp37-cp37m-win32.whl", hash = "sha256:aca1c196f407ec7cf04dcbb15d19a43c507a81f7ffc45b690899d6a76ac9fda7"},
    {file = "Pillow-9.5.0-cp37-cp37m-win_amd64.whl", hash = "sha256:322724c0032af6692456cd6ed554bb85f8149214d97398bb80613b04e33769f6"},
    {file = "Pillow-9.5.0-cp38-cp38-macosx_10_10_x86_64.whl", hash = "sha256:a0aa9417994d91301056f3d0038af1199eb7adc86e646a36b9e050b06f526597"},
    {file = "Pillow-9.5.0-cp38-cp38-macosx_11_0_arm64.whl", hash = "sha256:f8286396b351785801a976b1e85ea88e937712ee2c3ac653710a4a57a8da5d9c"},
    {file = "Pillow-9.5.0-cp38-cp38-manylinux_2_17_aarch64.manylinux2014_aarch64.whl", hash = "sha256:c830a02caeb789633863b466b9de10c015bded434deb3ec87c768e53752ad22a"},
    {file = "Pillow-9.5.0-cp38-cp38-manylinux_2_17_i686.manylinux2014_i686.whl", hash = "sha256:fbd359831c1657d69bb81f0db962905ee05e5e9451913b18b831febfe0519082"},
    {file = "Pillow-9.5.0-cp38-cp38-manylinux_2_17_x86_64.manylinux2014_x86_64.whl", hash = "sha256:f8fc330c3370a81bbf3f88557097d1ea26cd8b019d6433aa59f71195f5ddebbf"},
    {file = "Pillow-9.5.0-cp38-cp38-manylinux_2_28_aarch64.whl", hash = "sha256:7002d0797a3e4193c7cdee3198d7c14f92c0836d6b4a3f3046a64bd1ce8df2bf"},
    {file = "Pillow-9.5.0-cp38-cp38-manylinux_2_28_x86_64.whl", hash = "sha256:229e2c79c00e85989a34b5981a2b67aa079fd08c903f0aaead522a1d68d79e51"},
    {file = "Pillow-9.5.0-cp38-cp38-musllinux_1_1_aarch64.whl", hash = "sha256:9adf58f5d64e474bed00d69bcd86ec4bcaa4123bfa70a65ce72e424bfb88ed96"},
    {file = "Pillow-9.5.0-cp38-cp38-musllinux_1_1_x86_64.whl", hash = "sha256:662da1f3f89a302cc22faa9f14a262c2e3951f9dbc9617609a47521c69dd9f8f"},
    {file = "Pillow-9.5.0-cp38-cp38-win32.whl", hash = "sha256:6608ff3bf781eee0cd14d0901a2b9cc3d3834516532e3bd673a0a204dc8615fc"},
    {file = "Pillow-9.5.0-cp38-cp38-win_amd64.whl", hash = "sha256:e49eb4e95ff6fd7c0c402508894b1ef0e01b99a44320ba7d8ecbabefddcc5569"},
    {file = "Pillow-9.5.0-cp39-cp39-macosx_10_10_x86_64.whl", hash = "sha256:482877592e927fd263028c105b36272398e3e1be3269efda09f6ba21fd83ec66"},
    {file = "Pillow-9.5.0-cp39-cp39-macosx_11_0_arm64.whl", hash = "sha256:3ded42b9ad70e5f1754fb7c2e2d6465a9c842e41d178f262e08b8c85ed8a1d8e"},
    {file = "Pillow-9.5.0-cp39-cp39-manylinux_2_17_aarch64.manylinux2014_aarch64.whl", hash = "sha256:c446d2245ba29820d405315083d55299a796695d747efceb5717a8b450324115"},
    {file = "Pillow-9.5.0-cp39-cp39-manylinux_2_17_i686.manylinux2014_i686.whl", hash = "sha256:8aca1152d93dcc27dc55395604dcfc55bed5f25ef4c98716a928bacba90d33a3"},
    {file = "Pillow-9.5.0-cp39-cp39-manylinux_2_17_x86_64.manylinux2014_x86_64.whl", hash = "sha256:608488bdcbdb4ba7837461442b90ea6f3079397ddc968c31265c1e056964f1ef"},
    {file = "Pillow-9.5.0-cp39-cp39-manylinux_2_28_aarch64.whl", hash = "sha256:60037a8db8750e474af7ffc9faa9b5859e6c6d0a50e55c45576bf28be7419705"},
    {file = "Pillow-9.5.0-cp39-cp39-manylinux_2_28_x86_64.whl", hash = "sha256:07999f5834bdc404c442146942a2ecadd1cb6292f5229f4ed3b31e0a108746b1"},
    {file = "Pillow-9.5.0-cp39-cp39-musllinux_1_1_aarch64.whl", hash = "sha256:a127ae76092974abfbfa38ca2d12cbeddcdeac0fb71f9627cc1135bedaf9d51a"},
    {file = "Pillow-9.5.0-cp39-cp39-musllinux_1_1_x86_64.whl", hash = "sha256:489f8389261e5ed43ac8ff7b453162af39c3e8abd730af8363587ba64bb2e865"},
    {file = "Pillow-9.5.0-cp39-cp39-win32.whl", hash = "sha256:9b1af95c3a967bf1da94f253e56b6286b50af23392a886720f563c547e48e964"},
    {file = "Pillow-9.5.0-cp39-cp39-win_amd64.whl", hash = "sha256:77165c4a5e7d5a284f10a6efaa39a0ae8ba839da344f20b111d62cc932fa4e5d"},
    {file = "Pillow-9.5.0-pp38-pypy38_pp73-macosx_10_10_x86_64.whl", hash = "sha256:833b86a98e0ede388fa29363159c9b1a294b0905b5128baf01db683672f230f5"},
    {file = "Pillow-9.5.0-pp38-pypy38_pp73-manylinux_2_17_i686.manylinux2014_i686.whl", hash = "sha256:aaf305d6d40bd9632198c766fb64f0c1a83ca5b667f16c1e79e1661ab5060140"},
    {file = "Pillow-9.5.0-pp38-pypy38_pp73-manylinux_2_17_x86_64.manylinux2014_x86_64.whl", hash = "sha256:0852ddb76d85f127c135b6dd1f0bb88dbb9ee990d2cd9aa9e28526c93e794fba"},
    {file = "Pillow-9.5.0-pp38-pypy38_pp73-manylinux_2_28_x86_64.whl", hash = "sha256:91ec6fe47b5eb5a9968c79ad9ed78c342b1f97a091677ba0e012701add857829"},
    {file = "Pillow-9.5.0-pp38-pypy38_pp73-win_amd64.whl", hash = "sha256:cb841572862f629b99725ebaec3287fc6d275be9b14443ea746c1dd325053cbd"},
    {file = "Pillow-9.5.0-pp39-pypy39_pp73-macosx_10_10_x86_64.whl", hash = "sha256:c380b27d041209b849ed246b111b7c166ba36d7933ec6e41175fd15ab9eb1572"},
    {file = "Pillow-9.5.0-pp39-pypy39_pp73-manylinux_2_17_i686.manylinux2014_i686.whl", hash = "sha256:7c9af5a3b406a50e313467e3565fc99929717f780164fe6fbb7704edba0cebbe"},
    {file = "Pillow-9.5.0-pp39-pypy39_pp73-manylinux_2_17_x86_64.manylinux2014_x86_64.whl", hash = "sha256:5671583eab84af046a397d6d0ba25343c00cd50bce03787948e0fff01d4fd9b1"},
    {file = "Pillow-9.5.0-pp39-pypy39_pp73-manylinux_2_28_x86_64.whl", hash = "sha256:84a6f19ce086c1bf894644b43cd129702f781ba5751ca8572f08aa40ef0ab7b7"},
    {file = "Pillow-9.5.0-pp39-pypy39_pp73-win_amd64.whl", hash = "sha256:1e7723bd90ef94eda669a3c2c19d549874dd5badaeefabefd26053304abe5799"},
    {file = "Pillow-9.5.0.tar.gz", hash = "sha256:bf548479d336726d7a0eceb6e767e179fbde37833ae42794602631a070d630f1"},
]

[package.extras]
docs = ["furo", "olefile", "sphinx (>=2.4)", "sphinx-copybutton", "sphinx-inline-tabs", "sphinx-removed-in", "sphinxext-opengraph"]
tests = ["check-manifest", "coverage", "defusedxml", "markdown2", "olefile", "packaging", "pyroma", "pytest", "pytest-cov", "pytest-timeout"]

[[package]]
name = "pypdf"
version = "3.9.1"
description = "A pure-python PDF library capable of splitting, merging, cropping, and transforming PDF files"
optional = false
python-versions = ">=3.6"
files = [
    {file = "pypdf-3.9.1-py3-none-any.whl", hash = "sha256:5f4abdb4691a8d7631e7f2db09f66cfe3a388a072882d8375c6b1bdc28027c0a"},
    {file = "pypdf-3.9.1.tar.gz", hash = "sha256:c2b7fcfe25fbd04e8da600cb2700267ecee7e8781dc798cce3a4f567143a4df1"},
]

[package.extras]
crypto = ["PyCryptodome"]
dev = ["black", "flit", "pip-tools", "pre-commit (<2.18.0)", "pytest-cov", "wheel"]
docs = ["myst_parser", "sphinx", "sphinx_rtd_theme"]
full = ["Pillow", "PyCryptodome"]
image = ["Pillow"]

[[package]]
name = "pyside6"
version = "6.5.1.1"
description = "Python bindings for the Qt cross-platform application and UI framework"
optional = false
python-versions = "<3.12,>=3.7"
files = [
    {file = "PySide6-6.5.1.1-cp37-abi3-macosx_10_9_universal2.whl", hash = "sha256:dc2d249ea2486526d1bb74e6cf96e2b49f2089cf069ab289a168aa48b5c251d5"},
    {file = "PySide6-6.5.1.1-cp37-abi3-manylinux_2_28_x86_64.whl", hash = "sha256:b7b6588527eb1ca45afb8918f109d827f7d248beaec14e7acdaea18883680aee"},
    {file = "PySide6-6.5.1.1-cp37-abi3-win_amd64.whl", hash = "sha256:1517dd56f7235a98f3e1fcc983d3c8cf3d539b33164815c6e06442a297d2ab0d"},
    {file = "PySide6-6.5.1.1-pp39-pypy39_pp73-macosx_10_9_universal2.whl", hash = "sha256:a55403254ff7421bea5b8e2196fded24e4a0357d3b1f10d5f01ffc3ae937c71a"},
    {file = "PySide6-6.5.1.1-pp39-pypy39_pp73-manylinux_2_28_x86_64.whl", hash = "sha256:25c83843de0aa562631620721e4599eed55bc96747ed869caa631ecf92070951"},
    {file = "PySide6-6.5.1.1-pp39-pypy39_pp73-win_amd64.whl", hash = "sha256:645c1a99c37a0ce045b23fb35faacf54d98442cc16f621fe1dad2a1d2880e5e3"},
]

[package.dependencies]
PySide6-Addons = "6.5.1.1"
PySide6-Essentials = "6.5.1.1"
shiboken6 = "6.5.1.1"

[[package]]
name = "pyside6-addons"
version = "6.5.1.1"
description = "Python bindings for the Qt cross-platform application and UI framework (Addons)"
optional = false
python-versions = "<3.12,>=3.7"
files = [
    {file = "PySide6_Addons-6.5.1.1-cp37-abi3-macosx_10_9_universal2.whl", hash = "sha256:aadda3376a81dbead867380f7ae81d2fe0fb1ffd482bfc10212be8b0d06c2c4c"},
    {file = "PySide6_Addons-6.5.1.1-cp37-abi3-manylinux_2_28_x86_64.whl", hash = "sha256:cf18c88274d6c9c29cccbecb11c72b1f0b0bb077dc044f9b40354f13d0c1c52e"},
    {file = "PySide6_Addons-6.5.1.1-cp37-abi3-win_amd64.whl", hash = "sha256:d6370dfd03329cdcc91288d64bd1e26a5fc1908958b8a81fea5010a5849db441"},
    {file = "PySide6_Addons-6.5.1.1-pp39-pypy39_pp73-macosx_10_9_universal2.whl", hash = "sha256:e3ab22776e620d9467ffb2d76be06d5a3b8b3859d77e2e73f65f2b29018645e7"},
    {file = "PySide6_Addons-6.5.1.1-pp39-pypy39_pp73-manylinux_2_28_x86_64.whl", hash = "sha256:4e1bc141a7aa9488dc77c9b29ad412e417e601cc8e23050517f7c6c8634feb46"},
    {file = "PySide6_Addons-6.5.1.1-pp39-pypy39_pp73-win_amd64.whl", hash = "sha256:441f8797d6b01c9dd9b848d0e156b2b5042d71d9266d0a6ded48c9b1cd337821"},
]

[package.dependencies]
PySide6-Essentials = "6.5.1.1"
shiboken6 = "6.5.1.1"

[[package]]
name = "pyside6-essentials"
version = "6.5.1.1"
description = "Python bindings for the Qt cross-platform application and UI framework (Essentials)"
optional = false
python-versions = "<3.12,>=3.7"
files = [
    {file = "PySide6_Essentials-6.5.1.1-cp37-abi3-macosx_10_9_universal2.whl", hash = "sha256:c0cc3b1e7ca0e6b7a0cb8190a8538242972df43c1f9014cc0cd066d4ed7fc83a"},
    {file = "PySide6_Essentials-6.5.1.1-cp37-abi3-manylinux_2_28_x86_64.whl", hash = "sha256:bfd8900b1bf6a595b7d63539817bc825941f737486a093d519514c5b67af789f"},
    {file = "PySide6_Essentials-6.5.1.1-cp37-abi3-win_amd64.whl", hash = "sha256:1346e6a4e97d97f54e6c0805150c6dead4cc0e7914d77167f836eb36b83acb5c"},
    {file = "PySide6_Essentials-6.5.1.1-pp39-pypy39_pp73-macosx_10_9_universal2.whl", hash = "sha256:0111386918064fa84a498ed7a6e93ec4155fe96e8d4f9c9e3ac54a5b65ddfadf"},
    {file = "PySide6_Essentials-6.5.1.1-pp39-pypy39_pp73-manylinux_2_28_x86_64.whl", hash = "sha256:6264b00099a9bed0020460033e2a4369513e0e69f7abe3f436c3c6390164bcea"},
    {file = "PySide6_Essentials-6.5.1.1-pp39-pypy39_pp73-win_amd64.whl", hash = "sha256:620cefb6c954d59f941f06acecfe5cdf42bf470f2f3e6b9d023f49f93d740080"},
]

[package.dependencies]
shiboken6 = "6.5.1.1"

[[package]]
name = "reportlab"
version = "4.0.4"
description = "The Reportlab Toolkit"
optional = false
python-versions = ">=3.7,<4"
files = [
    {file = "reportlab-4.0.4-py3-none-any.whl", hash = "sha256:3dcda79ce04baf70721e2ec54854722644262cac2feec3d5c4c5e77015504cb0"},
    {file = "reportlab-4.0.4.tar.gz", hash = "sha256:7f70b3b56aff5f11cb4136c51a0f5a56fe6e4c8fbbac7b903076db99a8ef31c1"},
]

[package.dependencies]
pillow = ">=9.0.0"

[package.extras]
accel = ["rl-accel (>=0.9.0,<1.1)"]
pycairo = ["freetype-py (>=2.3.0,<2.4)", "rlPyCairo (>=0.2.0,<1)"]
renderpm = ["rl-renderPM (>=4.0.3,<4.1)"]

[[package]]
name = "shiboken6"
version = "6.5.1.1"
description = "Python/C++ bindings helper module"
optional = false
python-versions = "<3.12,>=3.7"
files = [
    {file = "shiboken6-6.5.1.1-cp37-abi3-macosx_10_9_universal2.whl", hash = "sha256:59fc1797df38c9e8c89cc43d5996a4c0331d0258087fa9d6466b03822aba6ff2"},
    {file = "shiboken6-6.5.1.1-cp37-abi3-manylinux_2_28_x86_64.whl", hash = "sha256:4338a8eb00e8d6f5b27edf85ab689ada905a4490c73ed3f23ff3b3c5f72a563e"},
    {file = "shiboken6-6.5.1.1-cp37-abi3-win_amd64.whl", hash = "sha256:aa6289cdbaa12f364f1c45d60d9d483c3842ee9cf6e9acdc3efd21cd460c2eb5"},
    {file = "shiboken6-6.5.1.1-pp39-pypy39_pp73-macosx_10_9_universal2.whl", hash = "sha256:db029b9d895052c1f42b1f929af3a5f6e688a88c5862aed24d5094086b034ab2"},
    {file = "shiboken6-6.5.1.1-pp39-pypy39_pp73-manylinux_2_28_x86_64.whl", hash = "sha256:1c7ba82093d66ace5c7a07ed9c7b4ea57a311ddbfecbe44aff7ed023efc8a380"},
    {file = "shiboken6-6.5.1.1-pp39-pypy39_pp73-win_amd64.whl", hash = "sha256:34cacba2954bff632476fbead190868c6f068a6dd9e5c8fd7d2ed4f8f5cfade4"},
]

[metadata]
lock-version = "2.0"
python-versions = ">=3.11,<3.12"
content-hash = "b72cd2261c881333c56528aa56e832572784e17444435617f698db7be03c433f"
